
Microsoft Visual Studio Solution File, Format Version 12.00
# Visual Studio Version 16
VisualStudioVersion = 16.0.29728.190
MinimumVisualStudioVersion = 10.0.40219.1
Project("{9A19103F-16F7-4668-BE54-9A1E7A4F7556}") = "Gravity.Abstraction", "Gravity.Abstraction\Gravity.Abstraction.csproj", "{503FFCDA-C9A5-4060-AB8D-A8FC7B4A5406}"
EndProject
Project("{9A19103F-16F7-4668-BE54-9A1E7A4F7556}") = "Gravity.Abstraction.Tests", "Gravity.Abstraction.Tests\Gravity.Abstraction.Tests.csproj", "{4AF24DE7-7ABA-4ED9-968A-F11BE60C6C90}"
EndProject
Project("{2150E333-8FDC-42A3-9474-1A3956D46DE8}") = "Solution Items", "Solution Items", "{D1117F4B-0BBC-40CF-9224-C1CAD044F269}"
	ProjectSection(SolutionItems) = preProject
		..\..\..\azure-pipelines-csharp.yml = ..\..\..\azure-pipelines-csharp.yml
		..\..\..\azure-settings.runsettings = ..\..\..\azure-settings.runsettings
		..\..\..\README.md = ..\..\..\README.md
	EndProjectSection
EndProject
Global
	GlobalSection(SolutionConfigurationPlatforms) = preSolution
		Debug|Any CPU = Debug|Any CPU
		Release|Any CPU = Release|Any CPU
	EndGlobalSection
	GlobalSection(ProjectConfigurationPlatforms) = postSolution
		{503FFCDA-C9A5-4060-AB8D-A8FC7B4A5406}.Debug|Any CPU.ActiveCfg = Debug|Any CPU
		{503FFCDA-C9A5-4060-AB8D-A8FC7B4A5406}.Debug|Any CPU.Build.0 = Debug|Any CPU
		{503FFCDA-C9A5-4060-AB8D-A8FC7B4A5406}.Release|Any CPU.ActiveCfg = Release|Any CPU
		{503FFCDA-C9A5-4060-AB8D-A8FC7B4A5406}.Release|Any CPU.Build.0 = Release|Any CPU
		{4AF24DE7-7ABA-4ED9-968A-F11BE60C6C90}.Debug|Any CPU.ActiveCfg = Debug|Any CPU
		{4AF24DE7-7ABA-4ED9-968A-F11BE60C6C90}.Debug|Any CPU.Build.0 = Debug|Any CPU
		{4AF24DE7-7ABA-4ED9-968A-F11BE60C6C90}.Release|Any CPU.ActiveCfg = Release|Any CPU
		{4AF24DE7-7ABA-4ED9-968A-F11BE60C6C90}.Release|Any CPU.Build.0 = Release|Any CPU
	EndGlobalSection
	GlobalSection(SolutionProperties) = preSolution
		HideSolutionNode = FALSE
	EndGlobalSection
	GlobalSection(ExtensibilityGlobals) = postSolution
		SolutionGuid = {DAFC9F32-593C-42C9-B1B2-B4DD85B9A3E2}
	EndGlobalSection
EndGlobal
