
Microsoft Visual Studio Solution File, Format Version 12.00
# Visual Studio Version 17
VisualStudioVersion = 17.4.33110.190
MinimumVisualStudioVersion = 10.0.40219.1
Project("{9A19103F-16F7-4668-BE54-9A1E7A4F7556}") = "Gravity.Abstraction", "Gravity.Abstraction\Gravity.Abstraction.csproj", "{503FFCDA-C9A5-4060-AB8D-A8FC7B4A5406}"
EndProject
Project("{9A19103F-16F7-4668-BE54-9A1E7A4F7556}") = "Gravity.Abstraction.Tests", "Gravity.Abstraction.Tests\Gravity.Abstraction.Tests.csproj", "{4AF24DE7-7ABA-4ED9-968A-F11BE60C6C90}"
EndProject
Project("{2150E333-8FDC-42A3-9474-1A3956D46DE8}") = ".git", ".git", "{BDD95632-0D1E-4F66-B010-935831B3CAA3}"
	ProjectSection(SolutionItems) = preProject
		..\.gitignore = ..\.gitignore
		..\LICENSE = ..\LICENSE
		..\README.md = ..\README.md
	EndProjectSection
EndProject
Project("{2150E333-8FDC-42A3-9474-1A3956D46DE8}") = ".test", ".test", "{6DBCEDA7-DCC5-4A22-B479-C131F04E6465}"
	ProjectSection(SolutionItems) = preProject
		..\test\AzureSettings.runsettings = ..\test\AzureSettings.runsettings
	EndProjectSection
EndProject
Project("{2150E333-8FDC-42A3-9474-1A3956D46DE8}") = ".build", ".build", "{F7A19F1E-2E30-4ADE-8021-2335AD3335A4}"
	ProjectSection(SolutionItems) = preProject
		..\build\AzurePipeline.yml = ..\build\AzurePipeline.yml
	EndProjectSection
EndProject
Global
	GlobalSection(SolutionConfigurationPlatforms) = preSolution
		Debug|Any CPU = Debug|Any CPU
		Release|Any CPU = Release|Any CPU
	EndGlobalSection
	GlobalSection(ProjectConfigurationPlatforms) = postSolution
		{503FFCDA-C9A5-4060-AB8D-A8FC7B4A5406}.Debug|Any CPU.ActiveCfg = Debug|Any CPU
		{503FFCDA-C9A5-4060-AB8D-A8FC7B4A5406}.Debug|Any CPU.Build.0 = Debug|Any CPU
		{503FFCDA-C9A5-4060-AB8D-A8FC7B4A5406}.Release|Any CPU.ActiveCfg = Release|Any CPU
		{503FFCDA-C9A5-4060-AB8D-A8FC7B4A5406}.Release|Any CPU.Build.0 = Release|Any CPU
		{4AF24DE7-7ABA-4ED9-968A-F11BE60C6C90}.Debug|Any CPU.ActiveCfg = Debug|Any CPU
		{4AF24DE7-7ABA-4ED9-968A-F11BE60C6C90}.Debug|Any CPU.Build.0 = Debug|Any CPU
		{4AF24DE7-7ABA-4ED9-968A-F11BE60C6C90}.Release|Any CPU.ActiveCfg = Release|Any CPU
		{4AF24DE7-7ABA-4ED9-968A-F11BE60C6C90}.Release|Any CPU.Build.0 = Release|Any CPU
	EndGlobalSection
	GlobalSection(SolutionProperties) = preSolution
		HideSolutionNode = FALSE
	EndGlobalSection
	GlobalSection(ExtensibilityGlobals) = postSolution
		SolutionGuid = {DAFC9F32-593C-42C9-B1B2-B4DD85B9A3E2}
	EndGlobalSection
EndGlobal
